
Microsoft Visual Studio Solution File, Format Version 12.00
# Visual Studio Version 16
VisualStudioVersion = 16.0.29322.22
MinimumVisualStudioVersion = 15.0.26124.0
Project("{2150E333-8FDC-42A3-9474-1A3956D46DE8}") = "Solution Items", "Solution Items", "{1CE9670B-D5FF-46A7-9D00-24E70E6ED48B}"
	ProjectSection(SolutionItems) = preProject
		.editorconfig = .editorconfig
		Directory.Build.props = Directory.Build.props
		Directory.Build.targets = Directory.Build.targets
		Directory.Packages.props = Directory.Packages.props
		global.json = global.json
		nuget.config = nuget.config
		README.md = README.md
		stylecop.json = stylecop.json
		version.json = version.json
	EndProjectSection
EndProject
Project("{2150E333-8FDC-42A3-9474-1A3956D46DE8}") = "src", "src", "{9E154A29-1796-4B85-BD81-B6A385D8FF71}"
	ProjectSection(SolutionItems) = preProject
		src\.editorconfig = src\.editorconfig
		src\Directory.Build.props = src\Directory.Build.props
		src\Directory.Build.targets = src\Directory.Build.targets
	EndProjectSection
EndProject
Project("{2150E333-8FDC-42A3-9474-1A3956D46DE8}") = "test", "test", "{36CCE840-6FE5-4DB9-A8D5-8CF3CB6D342A}"
	ProjectSection(SolutionItems) = preProject
		test\.editorconfig = test\.editorconfig
		test\Directory.Build.props = test\Directory.Build.props
		test\Directory.Build.targets = test\Directory.Build.targets
	EndProjectSection
EndProject
Project("{2150E333-8FDC-42A3-9474-1A3956D46DE8}") = "src", "src", "{D1A0EC7F-4B22-4D6E-A7AE-216278FBBD8D}"
EndProject
Project("{FAE04EC0-301F-11D3-BF4B-00C04F79EFBC}") = "Nerdbank.Barcodes", "src\Nerdbank.Barcodes\Nerdbank.Barcodes.csproj", "{9C175B2C-19A9-4CDD-8DE3-C64B0F89E545}"
EndProject
Project("{2150E333-8FDC-42A3-9474-1A3956D46DE8}") = "test", "test", "{A5E88D6F-5FF6-41AF-B870-4063C8264ECB}"
EndProject
Project("{FAE04EC0-301F-11D3-BF4B-00C04F79EFBC}") = "Nerdbank.Barcodes.Tests", "test\Nerdbank.Barcodes.Tests\Nerdbank.Barcodes.Tests.csproj", "{A9895B62-5DBC-4569-8AD8-00A33ABB02A3}"
EndProject
Global
	GlobalSection(SolutionConfigurationPlatforms) = preSolution
		Debug|Any CPU = Debug|Any CPU
		Release|Any CPU = Release|Any CPU
	EndGlobalSection
	GlobalSection(ProjectConfigurationPlatforms) = postSolution
		{9C175B2C-19A9-4CDD-8DE3-C64B0F89E545}.Debug|Any CPU.ActiveCfg = Debug|Any CPU
		{9C175B2C-19A9-4CDD-8DE3-C64B0F89E545}.Debug|Any CPU.Build.0 = Debug|Any CPU
		{9C175B2C-19A9-4CDD-8DE3-C64B0F89E545}.Release|Any CPU.ActiveCfg = Release|Any CPU
		{9C175B2C-19A9-4CDD-8DE3-C64B0F89E545}.Release|Any CPU.Build.0 = Release|Any CPU
		{A9895B62-5DBC-4569-8AD8-00A33ABB02A3}.Debug|Any CPU.ActiveCfg = Debug|Any CPU
		{A9895B62-5DBC-4569-8AD8-00A33ABB02A3}.Debug|Any CPU.Build.0 = Debug|Any CPU
		{A9895B62-5DBC-4569-8AD8-00A33ABB02A3}.Release|Any CPU.ActiveCfg = Release|Any CPU
		{A9895B62-5DBC-4569-8AD8-00A33ABB02A3}.Release|Any CPU.Build.0 = Release|Any CPU
	EndGlobalSection
	GlobalSection(SolutionProperties) = preSolution
		HideSolutionNode = FALSE
	EndGlobalSection
	GlobalSection(NestedProjects) = preSolution
		{9E154A29-1796-4B85-BD81-B6A385D8FF71} = {1CE9670B-D5FF-46A7-9D00-24E70E6ED48B}
		{36CCE840-6FE5-4DB9-A8D5-8CF3CB6D342A} = {1CE9670B-D5FF-46A7-9D00-24E70E6ED48B}
		{9C175B2C-19A9-4CDD-8DE3-C64B0F89E545} = {D1A0EC7F-4B22-4D6E-A7AE-216278FBBD8D}
		{A9895B62-5DBC-4569-8AD8-00A33ABB02A3} = {A5E88D6F-5FF6-41AF-B870-4063C8264ECB}
	EndGlobalSection
	GlobalSection(ExtensibilityGlobals) = postSolution
		SolutionGuid = {E3944F6A-384B-4B0F-B93F-3BD513DC57BD}
	EndGlobalSection
EndGlobal
